
Microsoft Visual Studio Solution File, Format Version 12.00
# Visual Studio Version 16
VisualStudioVersion = 16.0.28803.156
MinimumVisualStudioVersion = 10.0.40219.1
Project("{9A19103F-16F7-4668-BE54-9A1E7A4F7556}") = "SIS.HTTP", "SIS.HTTP\SIS.HTTP.csproj", "{B0EFD95C-2CC9-4A0D-AC00-97D65BED98DF}"
EndProject
Project("{9A19103F-16F7-4668-BE54-9A1E7A4F7556}") = "SIS.Mvc.Framework.Tests", "SIS.MVC.Framework.Tests\SIS.Mvc.Framework.Tests.csproj", "{A6CE6F48-DB80-4D6C-9BB2-E32E824A5C72}"
EndProject
Project("{9A19103F-16F7-4668-BE54-9A1E7A4F7556}") = "SIS.Mvc.Framework", "SIS.Mvc.Framework\SIS.Mvc.Framework.csproj", "{0BF7CC1A-D959-43E3-8108-6DB1EBB7C511}"
EndProject
Project("{9A19103F-16F7-4668-BE54-9A1E7A4F7556}") = "SIS.Common", "SIS.Common\SIS.Common.csproj", "{2FF607D5-DD5B-4453-8992-07BDD7A01BE1}"
EndProject
Project("{2150E333-8FDC-42A3-9474-1A3956D46DE8}") = "Apps", "Apps", "{2EF997F8-5C53-40FD-B3DA-C1DC76B67BB4}"
EndProject
Project("{2150E333-8FDC-42A3-9474-1A3956D46DE8}") = "Panda", "Panda", "{DE77EDB8-B542-407C-829D-393CD8117297}"
EndProject
Project("{9A19103F-16F7-4668-BE54-9A1E7A4F7556}") = "PandaWeb", "Apps\Panda\PandaWeb\PandaWeb.csproj", "{BF4AF254-345F-4F4D-BE01-6CADADA1EE36}"
EndProject
Project("{9A19103F-16F7-4668-BE54-9A1E7A4F7556}") = "Panda.Services", "Apps\Panda\Panda.Services\Panda.Services.csproj", "{D883AA30-886E-400C-A5D6-6BA499155E69}"
EndProject
Project("{2150E333-8FDC-42A3-9474-1A3956D46DE8}") = "IRunes", "IRunes", "{C20B343E-BC7D-479B-A4F9-B34FE80F6C00}"
EndProject
Project("{9A19103F-16F7-4668-BE54-9A1E7A4F7556}") = "IRunes.App", "E:\FirefoxDownload\csharp-web-master\csharp-web-master\2019-May-Season\SoftUni-Information-Services\src\Apps\IRunes\IRunes.App\IRunes.App.csproj", "{6D69FDF2-AC18-4023-994F-F060B34AA58F}"
EndProject
Project("{9A19103F-16F7-4668-BE54-9A1E7A4F7556}") = "IRunes.Data", "E:\FirefoxDownload\csharp-web-master\csharp-web-master\2019-May-Season\SoftUni-Information-Services\src\Apps\IRunes\IRunes.Data\IRunes.Data.csproj", "{3A0FC5B3-1462-48C3-BA85-C92ABC98E28C}"
EndProject
Project("{9A19103F-16F7-4668-BE54-9A1E7A4F7556}") = "IRunes.Models", "E:\FirefoxDownload\csharp-web-master\csharp-web-master\2019-May-Season\SoftUni-Information-Services\src\Apps\IRunes\IRunes.Models\IRunes.Models.csproj", "{A1FD837C-2CF9-4FE1-B006-C91844848888}"
EndProject
Project("{9A19103F-16F7-4668-BE54-9A1E7A4F7556}") = "IRunes.Services", "E:\FirefoxDownload\csharp-web-master\csharp-web-master\2019-May-Season\SoftUni-Information-Services\src\Apps\IRunes\IRunes.Services\IRunes.Services.csproj", "{25CFB1EB-A54C-419F-A5BE-6383DB1ACDA0}"
EndProject
Project("{2150E333-8FDC-42A3-9474-1A3956D46DE8}") = "Musaca", "Musaca", "{E0A64B47-9359-4BBB-957E-669358CB6551}"
EndProject
Project("{9A19103F-16F7-4668-BE54-9A1E7A4F7556}") = "Musaca.Services", "Apps\Musaca\Musaca.Services\Musaca.Services.csproj", "{5FC487D8-25B2-4A10-ACC7-B9E23D032D54}"
EndProject
Project("{9A19103F-16F7-4668-BE54-9A1E7A4F7556}") = "Musaca.Data", "Apps\Musaca\Musaca.Data\Musaca.Data.csproj", "{86FDC41E-7D50-40C7-97D2-7272ED131DD2}"
EndProject
Project("{9A19103F-16F7-4668-BE54-9A1E7A4F7556}") = "Musaca.Web", "Apps\Musaca\Musaca.Web\Musaca.Web.csproj", "{B9F4D8C3-4FF3-4B9C-9618-67AD65A8F5DB}"
EndProject
Project("{9A19103F-16F7-4668-BE54-9A1E7A4F7556}") = "Panda.Data", "Apps\Panda\Panda.Data\Panda.Data.csproj", "{9F91051A-CD80-41AC-B98B-B431C3D1532B}"
EndProject
Global
	GlobalSection(SolutionConfigurationPlatforms) = preSolution
		Debug|Any CPU = Debug|Any CPU
		Release|Any CPU = Release|Any CPU
	EndGlobalSection
	GlobalSection(ProjectConfigurationPlatforms) = postSolution
		{B0EFD95C-2CC9-4A0D-AC00-97D65BED98DF}.Debug|Any CPU.ActiveCfg = Debug|Any CPU
		{B0EFD95C-2CC9-4A0D-AC00-97D65BED98DF}.Debug|Any CPU.Build.0 = Debug|Any CPU
		{B0EFD95C-2CC9-4A0D-AC00-97D65BED98DF}.Release|Any CPU.ActiveCfg = Release|Any CPU
		{B0EFD95C-2CC9-4A0D-AC00-97D65BED98DF}.Release|Any CPU.Build.0 = Release|Any CPU
		{A6CE6F48-DB80-4D6C-9BB2-E32E824A5C72}.Debug|Any CPU.ActiveCfg = Debug|Any CPU
		{A6CE6F48-DB80-4D6C-9BB2-E32E824A5C72}.Debug|Any CPU.Build.0 = Debug|Any CPU
		{A6CE6F48-DB80-4D6C-9BB2-E32E824A5C72}.Release|Any CPU.ActiveCfg = Release|Any CPU
		{A6CE6F48-DB80-4D6C-9BB2-E32E824A5C72}.Release|Any CPU.Build.0 = Release|Any CPU
		{0BF7CC1A-D959-43E3-8108-6DB1EBB7C511}.Debug|Any CPU.ActiveCfg = Debug|Any CPU
		{0BF7CC1A-D959-43E3-8108-6DB1EBB7C511}.Debug|Any CPU.Build.0 = Debug|Any CPU
		{0BF7CC1A-D959-43E3-8108-6DB1EBB7C511}.Release|Any CPU.ActiveCfg = Release|Any CPU
		{0BF7CC1A-D959-43E3-8108-6DB1EBB7C511}.Release|Any CPU.Build.0 = Release|Any CPU
		{2FF607D5-DD5B-4453-8992-07BDD7A01BE1}.Debug|Any CPU.ActiveCfg = Debug|Any CPU
		{2FF607D5-DD5B-4453-8992-07BDD7A01BE1}.Debug|Any CPU.Build.0 = Debug|Any CPU
		{2FF607D5-DD5B-4453-8992-07BDD7A01BE1}.Release|Any CPU.ActiveCfg = Release|Any CPU
		{2FF607D5-DD5B-4453-8992-07BDD7A01BE1}.Release|Any CPU.Build.0 = Release|Any CPU
		{BF4AF254-345F-4F4D-BE01-6CADADA1EE36}.Debug|Any CPU.ActiveCfg = Debug|Any CPU
		{BF4AF254-345F-4F4D-BE01-6CADADA1EE36}.Debug|Any CPU.Build.0 = Debug|Any CPU
		{BF4AF254-345F-4F4D-BE01-6CADADA1EE36}.Release|Any CPU.ActiveCfg = Release|Any CPU
		{BF4AF254-345F-4F4D-BE01-6CADADA1EE36}.Release|Any CPU.Build.0 = Release|Any CPU
		{D883AA30-886E-400C-A5D6-6BA499155E69}.Debug|Any CPU.ActiveCfg = Debug|Any CPU
		{D883AA30-886E-400C-A5D6-6BA499155E69}.Debug|Any CPU.Build.0 = Debug|Any CPU
		{D883AA30-886E-400C-A5D6-6BA499155E69}.Release|Any CPU.ActiveCfg = Release|Any CPU
		{D883AA30-886E-400C-A5D6-6BA499155E69}.Release|Any CPU.Build.0 = Release|Any CPU
		{6D69FDF2-AC18-4023-994F-F060B34AA58F}.Debug|Any CPU.ActiveCfg = Debug|Any CPU
		{6D69FDF2-AC18-4023-994F-F060B34AA58F}.Debug|Any CPU.Build.0 = Debug|Any CPU
		{6D69FDF2-AC18-4023-994F-F060B34AA58F}.Release|Any CPU.ActiveCfg = Release|Any CPU
		{6D69FDF2-AC18-4023-994F-F060B34AA58F}.Release|Any CPU.Build.0 = Release|Any CPU
		{3A0FC5B3-1462-48C3-BA85-C92ABC98E28C}.Debug|Any CPU.ActiveCfg = Debug|Any CPU
		{3A0FC5B3-1462-48C3-BA85-C92ABC98E28C}.Debug|Any CPU.Build.0 = Debug|Any CPU
		{3A0FC5B3-1462-48C3-BA85-C92ABC98E28C}.Release|Any CPU.ActiveCfg = Release|Any CPU
		{3A0FC5B3-1462-48C3-BA85-C92ABC98E28C}.Release|Any CPU.Build.0 = Release|Any CPU
		{A1FD837C-2CF9-4FE1-B006-C91844848888}.Debug|Any CPU.ActiveCfg = Debug|Any CPU
		{A1FD837C-2CF9-4FE1-B006-C91844848888}.Debug|Any CPU.Build.0 = Debug|Any CPU
		{A1FD837C-2CF9-4FE1-B006-C91844848888}.Release|Any CPU.ActiveCfg = Release|Any CPU
		{A1FD837C-2CF9-4FE1-B006-C91844848888}.Release|Any CPU.Build.0 = Release|Any CPU
		{25CFB1EB-A54C-419F-A5BE-6383DB1ACDA0}.Debug|Any CPU.ActiveCfg = Debug|Any CPU
		{25CFB1EB-A54C-419F-A5BE-6383DB1ACDA0}.Debug|Any CPU.Build.0 = Debug|Any CPU
		{25CFB1EB-A54C-419F-A5BE-6383DB1ACDA0}.Release|Any CPU.ActiveCfg = Release|Any CPU
		{25CFB1EB-A54C-419F-A5BE-6383DB1ACDA0}.Release|Any CPU.Build.0 = Release|Any CPU
		{5FC487D8-25B2-4A10-ACC7-B9E23D032D54}.Debug|Any CPU.ActiveCfg = Debug|Any CPU
		{5FC487D8-25B2-4A10-ACC7-B9E23D032D54}.Debug|Any CPU.Build.0 = Debug|Any CPU
		{5FC487D8-25B2-4A10-ACC7-B9E23D032D54}.Release|Any CPU.ActiveCfg = Release|Any CPU
		{5FC487D8-25B2-4A10-ACC7-B9E23D032D54}.Release|Any CPU.Build.0 = Release|Any CPU
		{86FDC41E-7D50-40C7-97D2-7272ED131DD2}.Debug|Any CPU.ActiveCfg = Debug|Any CPU
		{86FDC41E-7D50-40C7-97D2-7272ED131DD2}.Debug|Any CPU.Build.0 = Debug|Any CPU
		{86FDC41E-7D50-40C7-97D2-7272ED131DD2}.Release|Any CPU.ActiveCfg = Release|Any CPU
		{86FDC41E-7D50-40C7-97D2-7272ED131DD2}.Release|Any CPU.Build.0 = Release|Any CPU
		{B9F4D8C3-4FF3-4B9C-9618-67AD65A8F5DB}.Debug|Any CPU.ActiveCfg = Debug|Any CPU
		{B9F4D8C3-4FF3-4B9C-9618-67AD65A8F5DB}.Debug|Any CPU.Build.0 = Debug|Any CPU
		{B9F4D8C3-4FF3-4B9C-9618-67AD65A8F5DB}.Release|Any CPU.ActiveCfg = Release|Any CPU
		{B9F4D8C3-4FF3-4B9C-9618-67AD65A8F5DB}.Release|Any CPU.Build.0 = Release|Any CPU
		{9F91051A-CD80-41AC-B98B-B431C3D1532B}.Debug|Any CPU.ActiveCfg = Debug|Any CPU
		{9F91051A-CD80-41AC-B98B-B431C3D1532B}.Debug|Any CPU.Build.0 = Debug|Any CPU
		{9F91051A-CD80-41AC-B98B-B431C3D1532B}.Release|Any CPU.ActiveCfg = Release|Any CPU
		{9F91051A-CD80-41AC-B98B-B431C3D1532B}.Release|Any CPU.Build.0 = Release|Any CPU
	EndGlobalSection
	GlobalSection(SolutionProperties) = preSolution
		HideSolutionNode = FALSE
	EndGlobalSection
	GlobalSection(NestedProjects) = preSolution
		{DE77EDB8-B542-407C-829D-393CD8117297} = {2EF997F8-5C53-40FD-B3DA-C1DC76B67BB4}
		{BF4AF254-345F-4F4D-BE01-6CADADA1EE36} = {DE77EDB8-B542-407C-829D-393CD8117297}
		{D883AA30-886E-400C-A5D6-6BA499155E69} = {DE77EDB8-B542-407C-829D-393CD8117297}
		{C20B343E-BC7D-479B-A4F9-B34FE80F6C00} = {2EF997F8-5C53-40FD-B3DA-C1DC76B67BB4}
		{6D69FDF2-AC18-4023-994F-F060B34AA58F} = {C20B343E-BC7D-479B-A4F9-B34FE80F6C00}
		{3A0FC5B3-1462-48C3-BA85-C92ABC98E28C} = {C20B343E-BC7D-479B-A4F9-B34FE80F6C00}
		{A1FD837C-2CF9-4FE1-B006-C91844848888} = {C20B343E-BC7D-479B-A4F9-B34FE80F6C00}
		{25CFB1EB-A54C-419F-A5BE-6383DB1ACDA0} = {C20B343E-BC7D-479B-A4F9-B34FE80F6C00}
		{E0A64B47-9359-4BBB-957E-669358CB6551} = {2EF997F8-5C53-40FD-B3DA-C1DC76B67BB4}
		{5FC487D8-25B2-4A10-ACC7-B9E23D032D54} = {E0A64B47-9359-4BBB-957E-669358CB6551}
		{86FDC41E-7D50-40C7-97D2-7272ED131DD2} = {E0A64B47-9359-4BBB-957E-669358CB6551}
		{B9F4D8C3-4FF3-4B9C-9618-67AD65A8F5DB} = {E0A64B47-9359-4BBB-957E-669358CB6551}
		{9F91051A-CD80-41AC-B98B-B431C3D1532B} = {DE77EDB8-B542-407C-829D-393CD8117297}
	EndGlobalSection
	GlobalSection(ExtensibilityGlobals) = postSolution
		SolutionGuid = {95749778-C448-4913-B813-04C78D964222}
	EndGlobalSection
EndGlobal
